
Microsoft Visual Studio Solution File, Format Version 12.00
Project("{FAE04EC0-301F-11D3-BF4B-00C04F79EFBC}") = "APBD-Cw1-s31263", "APBD-Cw1-s31263\APBD-Cw1-s31263.csproj", "{B3BC9B59-A998-4328-B7E2-2D188287254F}"
EndProject
Global
	GlobalSection(SolutionConfigurationPlatforms) = preSolution
		Debug|Any CPU = Debug|Any CPU
		Release|Any CPU = Release|Any CPU
	EndGlobalSection
	GlobalSection(ProjectConfigurationPlatforms) = postSolution
		{B3BC9B59-A998-4328-B7E2-2D188287254F}.Debug|Any CPU.ActiveCfg = Debug|Any CPU
		{B3BC9B59-A998-4328-B7E2-2D188287254F}.Debug|Any CPU.Build.0 = Debug|Any CPU
		{B3BC9B59-A998-4328-B7E2-2D188287254F}.Release|Any CPU.ActiveCfg = Release|Any CPU
		{B3BC9B59-A998-4328-B7E2-2D188287254F}.Release|Any CPU.Build.0 = Release|Any CPU
	EndGlobalSection
EndGlobal
